<Solution>
  <Folder Name="/Solution Items/">
    <File Path="docker-compose.yml" />
  </Folder>
  <Project Path="ProfilesApi.Api/ProfilesApi.Api.csproj" />
  <Project Path="ProfilesApi.Application/ProfilesApi.Application.csproj" />
  <Project Path="ProfilesApi.Domain/ProfilesApi.Domain.csproj" />
  <Project Path="ProfilesApi.Infrastructure/ProfilesApi.Infrastructure.csproj" />
</Solution>
